// !$*UTF8*$!
{
	archiveVersion = 1;
	classes = {
	};
	objectVersion = 50;
	objects = {

/* Begin PBXBuildFile section */
		6725EA3B22EC020400A768C7 /* AppDelegate.m in Sources */ = {isa = PBXBuildFile; fileRef = 6725EA3A22EC020400A768C7 /* AppDelegate.m */; };
		6725EA3E22EC020400A768C7 /* ViewController.m in Sources */ = {isa = PBXBuildFile; fileRef = 6725EA3D22EC020400A768C7 /* ViewController.m */; };
		6725EA4122EC020400A768C7 /* Main.storyboard in Resources */ = {isa = PBXBuildFile; fileRef = 6725EA3F22EC020400A768C7 /* Main.storyboard */; };
		6725EA4322EC020500A768C7 /* Assets.xcassets in Resources */ = {isa = PBXBuildFile; fileRef = 6725EA4222EC020500A768C7 /* Assets.xcassets */; };
		6725EA4622EC020500A768C7 /* LaunchScreen.storyboard in Resources */ = {isa = PBXBuildFile; fileRef = 6725EA4422EC020500A768C7 /* LaunchScreen.storyboard */; };
		6725EA4922EC020500A768C7 /* main.m in Sources */ = {isa = PBXBuildFile; fileRef = 6725EA4822EC020500A768C7 /* main.m */; };
		6725EA5322EC020600A768C7 /* ______KVOTests.m in Sources */ = {isa = PBXBuildFile; fileRef = 6725EA5222EC020600A768C7 /* ______KVOTests.m */; };
		6725EA5E22EC020600A768C7 /* ______KVOUITests.m in Sources */ = {isa = PBXBuildFile; fileRef = 6725EA5D22EC020600A768C7 /* ______KVOUITests.m */; };
/* End PBXBuildFile section */

/* Begin PBXContainerItemProxy section */
		6725EA4F22EC020600A768C7 /* PBXContainerItemProxy */ = {
			isa = PBXContainerItemProxy;
			containerPortal = 6725EA2E22EC020400A768C7 /* Project object */;
			proxyType = 1;
			remoteGlobalIDString = 6725EA3522EC020400A768C7;
			remoteInfo = "手动实现一个KVO";
		};
		6725EA5A22EC020600A768C7 /* PBXContainerItemProxy */ = {
			isa = PBXContainerItemProxy;
			containerPortal = 6725EA2E22EC020400A768C7 /* Project object */;
			proxyType = 1;
			remoteGlobalIDString = 6725EA3522EC020400A768C7;
			remoteInfo = "手动实现一个KVO";
		};
/* End PBXContainerItemProxy section */

/* Begin PBXFileReference section */
		6725EA3622EC020400A768C7 /* 手动实现一个KVO.app */ = {isa = PBXFileReference; explicitFileType = wrapper.application; includeInIndex = 0; path = "手动实现一个KVO.app"; sourceTree = BUILT_PRODUCTS_DIR; };
		6725EA3922EC020400A768C7 /* AppDelegate.h */ = {isa = PBXFileReference; lastKnownFileType = sourcecode.c.h; path = AppDelegate.h; sourceTree = "<group>"; };
		6725EA3A22EC020400A768C7 /* AppDelegate.m */ = {isa = PBXFileReference; lastKnownFileType = sourcecode.c.objc; path = AppDelegate.m; sourceTree = "<group>"; };
		6725EA3C22EC020400A768C7 /* ViewController.h */ = {isa = PBXFileReference; lastKnownFileType = sourcecode.c.h; path = ViewController.h; sourceTree = "<group>"; };
		6725EA3D22EC020400A768C7 /* ViewController.m */ = {isa = PBXFileReference; lastKnownFileType = sourcecode.c.objc; path = ViewController.m; sourceTree = "<group>"; };
		6725EA4022EC020400A768C7 /* Base */ = {isa = PBXFileReference; lastKnownFileType = file.storyboard; name = Base; path = Base.lproj/Main.storyboard; sourceTree = "<group>"; };
		6725EA4222EC020500A768C7 /* Assets.xcassets */ = {isa = PBXFileReference; lastKnownFileType = folder.assetcatalog; path = Assets.xcassets; sourceTree = "<group>"; };
		6725EA4522EC020500A768C7 /* Base */ = {isa = PBXFileReference; lastKnownFileType = file.storyboard; name = Base; path = Base.lproj/LaunchScreen.storyboard; sourceTree = "<group>"; };
		6725EA4722EC020500A768C7 /* Info.plist */ = {isa = PBXFileReference; lastKnownFileType = text.plist.xml; path = Info.plist; sourceTree = "<group>"; };
		6725EA4822EC020500A768C7 /* main.m */ = {isa = PBXFileReference; lastKnownFileType = sourcecode.c.objc; path = main.m; sourceTree = "<group>"; };
		6725EA4E22EC020600A768C7 /* 手动实现一个KVOTests.xctest */ = {isa = PBXFileReference; explicitFileType = wrapper.cfbundle; includeInIndex = 0; path = "手动实现一个KVOTests.xctest"; sourceTree = BUILT_PRODUCTS_DIR; };
		6725EA5222EC020600A768C7 /* ______KVOTests.m */ = {isa = PBXFileReference; lastKnownFileType = sourcecode.c.objc; path = "______KVOTests.m"; sourceTree = "<group>"; };
		6725EA5422EC020600A768C7 /* Info.plist */ = {isa = PBXFileReference; lastKnownFileType = text.plist.xml; path = Info.plist; sourceTree = "<group>"; };
		6725EA5922EC020600A768C7 /* 手动实现一个KVOUITests.xctest */ = {isa = PBXFileReference; explicitFileType = wrapper.cfbundle; includeInIndex = 0; path = "手动实现一个KVOUITests.xctest"; sourceTree = BUILT_PRODUCTS_DIR; };
		6725EA5D22EC020600A768C7 /* ______KVOUITests.m */ = {isa = PBXFileReference; lastKnownFileType = sourcecode.c.objc; path = "______KVOUITests.m"; sourceTree = "<group>"; };
		6725EA5F22EC020600A768C7 /* Info.plist */ = {isa = PBXFileReference; lastKnownFileType = text.plist.xml; path = Info.plist; sourceTree = "<group>"; };
/* End PBXFileReference section */

/* Begin PBXFrameworksBuildPhase section */
		6725EA3322EC020400A768C7 /* Frameworks */ = {
			isa = PBXFrameworksBuildPhase;
			buildActionMask = 2147483647;
			files = (
			);
			runOnlyForDeploymentPostprocessing = 0;
		};
		6725EA4B22EC020600A768C7 /* Frameworks */ = {
			isa = PBXFrameworksBuildPhase;
			buildActionMask = 2147483647;
			files = (
			);
			runOnlyForDeploymentPostprocessing = 0;
		};
		6725EA5622EC020600A768C7 /* Frameworks */ = {
			isa = PBXFrameworksBuildPhase;
			buildActionMask = 2147483647;
			files = (
			);
			runOnlyForDeploymentPostprocessing = 0;
		};
/* End PBXFrameworksBuildPhase section */

/* Begin PBXGroup section */
		6725EA2D22EC020400A768C7 = {
			isa = PBXGroup;
			children = (
				6725EA3822EC020400A768C7 /* 手动实现一个KVO */,
				6725EA5122EC020600A768C7 /* 手动实现一个KVOTests */,
				6725EA5C22EC020600A768C7 /* 手动实现一个KVOUITests */,
				6725EA3722EC020400A768C7 /* Products */,
			);
			sourceTree = "<group>";
		};
		6725EA3722EC020400A768C7 /* Products */ = {
			isa = PBXGroup;
			children = (
				6725EA3622EC020400A768C7 /* 手动实现一个KVO.app */,
				6725EA4E22EC020600A768C7 /* 手动实现一个KVOTests.xctest */,
				6725EA5922EC020600A768C7 /* 手动实现一个KVOUITests.xctest */,
			);
			name = Products;
			sourceTree = "<group>";
		};
		6725EA3822EC020400A768C7 /* 手动实现一个KVO */ = {
			isa = PBXGroup;
			children = (
				6725EA3922EC020400A768C7 /* AppDelegate.h */,
				6725EA3A22EC020400A768C7 /* AppDelegate.m */,
				6725EA3C22EC020400A768C7 /* ViewController.h */,
				6725EA3D22EC020400A768C7 /* ViewController.m */,
				6725EA3F22EC020400A768C7 /* Main.storyboard */,
				6725EA4222EC020500A768C7 /* Assets.xcassets */,
				6725EA4422EC020500A768C7 /* LaunchScreen.storyboard */,
				6725EA4722EC020500A768C7 /* Info.plist */,
				6725EA4822EC020500A768C7 /* main.m */,
			);
			path = "手动实现一个KVO";
			sourceTree = "<group>";
		};
		6725EA5122EC020600A768C7 /* 手动实现一个KVOTests */ = {
			isa = PBXGroup;
			children = (
				6725EA5222EC020600A768C7 /* ______KVOTests.m */,
				6725EA5422EC020600A768C7 /* Info.plist */,
			);
			path = "手动实现一个KVOTests";
			sourceTree = "<group>";
		};
		6725EA5C22EC020600A768C7 /* 手动实现一个KVOUITests */ = {
			isa = PBXGroup;
			children = (
				6725EA5D22EC020600A768C7 /* ______KVOUITests.m */,
				6725EA5F22EC020600A768C7 /* Info.plist */,
			);
			path = "手动实现一个KVOUITests";
			sourceTree = "<group>";
		};
/* End PBXGroup section */

/* Begin PBXNativeTarget section */
		6725EA3522EC020400A768C7 /* 手动实现一个KVO */ = {
			isa = PBXNativeTarget;
			buildConfigurationList = 6725EA6222EC020600A768C7 /* Build configuration list for PBXNativeTarget "手动实现一个KVO" */;
			buildPhases = (
				6725EA3222EC020400A768C7 /* Sources */,
				6725EA3322EC020400A768C7 /* Frameworks */,
				6725EA3422EC020400A768C7 /* Resources */,
			);
			buildRules = (
			);
			dependencies = (
			);
			name = "手动实现一个KVO";
			productName = "手动实现一个KVO";
			productReference = 6725EA3622EC020400A768C7 /* 手动实现一个KVO.app */;
			productType = "com.apple.product-type.application";
		};
		6725EA4D22EC020600A768C7 /* 手动实现一个KVOTests */ = {
			isa = PBXNativeTarget;
			buildConfigurationList = 6725EA6522EC020600A768C7 /* Build configuration list for PBXNativeTarget "手动实现一个KVOTests" */;
			buildPhases = (
				6725EA4A22EC020600A768C7 /* Sources */,
				6725EA4B22EC020600A768C7 /* Frameworks */,
				6725EA4C22EC020600A768C7 /* Resources */,
			);
			buildRules = (
			);
			dependencies = (
				6725EA5022EC020600A768C7 /* PBXTargetDependency */,
			);
			name = "手动实现一个KVOTests";
			productName = "手动实现一个KVOTests";
			productReference = 6725EA4E22EC020600A768C7 /* 手动实现一个KVOTests.xctest */;
			productType = "com.apple.product-type.bundle.unit-test";
		};
		6725EA5822EC020600A768C7 /* 手动实现一个KVOUITests */ = {
			isa = PBXNativeTarget;
			buildConfigurationList = 6725EA6822EC020600A768C7 /* Build configuration list for PBXNativeTarget "手动实现一个KVOUITests" */;
			buildPhases = (
				6725EA5522EC020600A768C7 /* Sources */,
				6725EA5622EC020600A768C7 /* Frameworks */,
				6725EA5722EC020600A768C7 /* Resources */,
			);
			buildRules = (
			);
			dependencies = (
				6725EA5B22EC020600A768C7 /* PBXTargetDependency */,
			);
			name = "手动实现一个KVOUITests";
			productName = "手动实现一个KVOUITests";
			productReference = 6725EA5922EC020600A768C7 /* 手动实现一个KVOUITests.xctest */;
			productType = "com.apple.product-type.bundle.ui-testing";
		};
/* End PBXNativeTarget section */

/* Begin PBXProject section */
		6725EA2E22EC020400A768C7 /* Project object */ = {
			isa = PBXProject;
			attributes = {
				LastUpgradeCheck = 1010;
				ORGANIZATIONNAME = gl;
				TargetAttributes = {
					6725EA3522EC020400A768C7 = {
						CreatedOnToolsVersion = 10.1;
					};
					6725EA4D22EC020600A768C7 = {
						CreatedOnToolsVersion = 10.1;
						TestTargetID = 6725EA3522EC020400A768C7;
					};
					6725EA5822EC020600A768C7 = {
						CreatedOnToolsVersion = 10.1;
						TestTargetID = 6725EA3522EC020400A768C7;
					};
				};
			};
			buildConfigurationList = 6725EA3122EC020400A768C7 /* Build configuration list for PBXProject "手动实现一个KVO" */;
			compatibilityVersion = "Xcode 9.3";
			developmentRegion = en;
			hasScannedForEncodings = 0;
			knownRegions = (
				en,
				Base,
			);
			mainGroup = 6725EA2D22EC020400A768C7;
			productRefGroup = 6725EA3722EC020400A768C7 /* Products */;
			projectDirPath = "";
			projectRoot = "";
			targets = (
				6725EA3522EC020400A768C7 /* 手动实现一个KVO */,
				6725EA4D22EC020600A768C7 /* 手动实现一个KVOTests */,
				6725EA5822EC020600A768C7 /* 手动实现一个KVOUITests */,
			);
		};
/* End PBXProject section */

/* Begin PBXResourcesBuildPhase section */
		6725EA3422EC020400A768C7 /* Resources */ = {
			isa = PBXResourcesBuildPhase;
			buildActionMask = 2147483647;
			files = (
				6725EA4622EC020500A768C7 /* LaunchScreen.storyboard in Resources */,
				6725EA4322EC020500A768C7 /* Assets.xcassets in Resources */,
				6725EA4122EC020400A768C7 /* Main.storyboard in Resources */,
			);
			runOnlyForDeploymentPostprocessing = 0;
		};
		6725EA4C22EC020600A768C7 /* Resources */ = {
			isa = PBXResourcesBuildPhase;
			buildActionMask = 2147483647;
			files = (
			);
			runOnlyForDeploymentPostprocessing = 0;
		};
		6725EA5722EC020600A768C7 /* Resources */ = {
			isa = PBXResourcesBuildPhase;
			buildActionMask = 2147483647;
			files = (
			);
			runOnlyForDeploymentPostprocessing = 0;
		};
/* End PBXResourcesBuildPhase section */

/* Begin PBXSourcesBuildPhase section */
		6725EA3222EC020400A768C7 /* Sources */ = {
			isa = PBXSourcesBuildPhase;
			buildActionMask = 2147483647;
			files = (
				6725EA3E22EC020400A768C7 /* ViewController.m in Sources */,
				6725EA4922EC020500A768C7 /* main.m in Sources */,
				6725EA3B22EC020400A768C7 /* AppDelegate.m in Sources */,
			);
			runOnlyForDeploymentPostprocessing = 0;
		};
		6725EA4A22EC020600A768C7 /* Sources */ = {
			isa = PBXSourcesBuildPhase;
			buildActionMask = 2147483647;
			files = (
				6725EA5322EC020600A768C7 /* ______KVOTests.m in Sources */,
			);
			runOnlyForDeploymentPostprocessing = 0;
		};
		6725EA5522EC020600A768C7 /* Sources */ = {
			isa = PBXSourcesBuildPhase;
			buildActionMask = 2147483647;
			files = (
				6725EA5E22EC020600A768C7 /* ______KVOUITests.m in Sources */,
			);
			runOnlyForDeploymentPostprocessing = 0;
		};
/* End PBXSourcesBuildPhase section */

/* Begin PBXTargetDependency section */
		6725EA5022EC020600A768C7 /* PBXTargetDependency */ = {
			isa = PBXTargetDependency;
			target = 6725EA3522EC020400A768C7 /* 手动实现一个KVO */;
			targetProxy = 6725EA4F22EC020600A768C7 /* PBXContainerItemProxy */;
		};
		6725EA5B22EC020600A768C7 /* PBXTargetDependency */ = {
			isa = PBXTargetDependency;
			target = 6725EA3522EC020400A768C7 /* 手动实现一个KVO */;
			targetProxy = 6725EA5A22EC020600A768C7 /* PBXContainerItemProxy */;
		};
/* End PBXTargetDependency section */

/* Begin PBXVariantGroup section */
		6725EA3F22EC020400A768C7 /* Main.storyboard */ = {
			isa = PBXVariantGroup;
			children = (
				6725EA4022EC020400A768C7 /* Base */,
			);
			name = Main.storyboard;
			sourceTree = "<group>";
		};
		6725EA4422EC020500A768C7 /* LaunchScreen.storyboard */ = {
			isa = PBXVariantGroup;
			children = (
				6725EA4522EC020500A768C7 /* Base */,
			);
			name = LaunchScreen.storyboard;
			sourceTree = "<group>";
		};
/* End PBXVariantGroup section */

/* Begin XCBuildConfiguration section */
		6725EA6022EC020600A768C7 /* Debug */ = {
			isa = XCBuildConfiguration;
			buildSettings = {
				ALWAYS_SEARCH_USER_PATHS = NO;
				CLANG_ANALYZER_NONNULL = YES;
				CLANG_ANALYZER_NUMBER_OBJECT_CONVERSION = YES_AGGRESSIVE;
				CLANG_CXX_LANGUAGE_STANDARD = "gnu++14";
				CLANG_CXX_LIBRARY = "libc++";
				CLANG_ENABLE_MODULES = YES;
				CLANG_ENABLE_OBJC_ARC = YES;
				CLANG_ENABLE_OBJC_WEAK = YES;
				CLANG_WARN_BLOCK_CAPTURE_AUTORELEASING = YES;
				CLANG_WARN_BOOL_CONVERSION = YES;
				CLANG_WARN_COMMA = YES;
				CLANG_WARN_CONSTANT_CONVERSION = YES;
				CLANG_WARN_DEPRECATED_OBJC_IMPLEMENTATIONS = YES;
				CLANG_WARN_DIRECT_OBJC_ISA_USAGE = YES_ERROR;
				CLANG_WARN_DOCUMENTATION_COMMENTS = YES;
				CLANG_WARN_EMPTY_BODY = YES;
				CLANG_WARN_ENUM_CONVERSION = YES;
				CLANG_WARN_INFINITE_RECURSION = YES;
				CLANG_WARN_INT_CONVERSION = YES;
				CLANG_WARN_NON_LITERAL_NULL_CONVERSION = YES;
				CLANG_WARN_OBJC_IMPLICIT_RETAIN_SELF = YES;
				CLANG_WARN_OBJC_LITERAL_CONVERSION = YES;
				CLANG_WARN_OBJC_ROOT_CLASS = YES_ERROR;
				CLANG_WARN_RANGE_LOOP_ANALYSIS = YES;
				CLANG_WARN_STRICT_PROTOTYPES = YES;
				CLANG_WARN_SUSPICIOUS_MOVE = YES;
				CLANG_WARN_UNGUARDED_AVAILABILITY = YES_AGGRESSIVE;
				CLANG_WARN_UNREACHABLE_CODE = YES;
				CLANG_WARN__DUPLICATE_METHOD_MATCH = YES;
				CODE_SIGN_IDENTITY = "iPhone Developer";
				COPY_PHASE_STRIP = NO;
				DEBUG_INFORMATION_FORMAT = dwarf;
				ENABLE_STRICT_OBJC_MSGSEND = YES;
				ENABLE_TESTABILITY = YES;
				GCC_C_LANGUAGE_STANDARD = gnu11;
				GCC_DYNAMIC_NO_PIC = NO;
				GCC_NO_COMMON_BLOCKS = YES;
				GCC_OPTIMIZATION_LEVEL = 0;
				GCC_PREPROCESSOR_DEFINITIONS = (
					"DEBUG=1",
					"$(inherited)",
				);
				GCC_WARN_64_TO_32_BIT_CONVERSION = YES;
				GCC_WARN_ABOUT_RETURN_TYPE = YES_ERROR;
				GCC_WARN_UNDECLARED_SELECTOR = YES;
				GCC_WARN_UNINITIALIZED_AUTOS = YES_AGGRESSIVE;
				GCC_WARN_UNUSED_FUNCTION = YES;
				GCC_WARN_UNUSED_VARIABLE = YES;
				IPHONEOS_DEPLOYMENT_TARGET = 12.1;
				MTL_ENABLE_DEBUG_INFO = INCLUDE_SOURCE;
				MTL_FAST_MATH = YES;
				ONLY_ACTIVE_ARCH = YES;
				SDKROOT = iphoneos;
			};
			name = Debug;
		};
		6725EA6122EC020600A768C7 /* Release */ = {
			isa = XCBuildConfiguration;
			buildSettings = {
				ALWAYS_SEARCH_USER_PATHS = NO;
				CLANG_ANALYZER_NONNULL = YES;
				CLANG_ANALYZER_NUMBER_OBJECT_CONVERSION = YES_AGGRESSIVE;
				CLANG_CXX_LANGUAGE_STANDARD = "gnu++14";
				CLANG_CXX_LIBRARY = "libc++";
				CLANG_ENABLE_MODULES = YES;
				CLANG_ENABLE_OBJC_ARC = YES;
				CLANG_ENABLE_OBJC_WEAK = YES;
				CLANG_WARN_BLOCK_CAPTURE_AUTORELEASING = YES;
				CLANG_WARN_BOOL_CONVERSION = YES;
				CLANG_WARN_COMMA = YES;
				CLANG_WARN_CONSTANT_CONVERSION = YES;
				CLANG_WARN_DEPRECATED_OBJC_IMPLEMENTATIONS = YES;
				CLANG_WARN_DIRECT_OBJC_ISA_USAGE = YES_ERROR;
				CLANG_WARN_DOCUMENTATION_COMMENTS = YES;
				CLANG_WARN_EMPTY_BODY = YES;
				CLANG_WARN_ENUM_CONVERSION = YES;
				CLANG_WARN_INFINITE_RECURSION = YES;
				CLANG_WARN_INT_CONVERSION = YES;
				CLANG_WARN_NON_LITERAL_NULL_CONVERSION = YES;
				CLANG_WARN_OBJC_IMPLICIT_RETAIN_SELF = YES;
				CLANG_WARN_OBJC_LITERAL_CONVERSION = YES;
				CLANG_WARN_OBJC_ROOT_CLASS = YES_ERROR;
				CLANG_WARN_RANGE_LOOP_ANALYSIS = YES;
				CLANG_WARN_STRICT_PROTOTYPES = YES;
				CLANG_WARN_SUSPICIOUS_MOVE = YES;
				CLANG_WARN_UNGUARDED_AVAILABILITY = YES_AGGRESSIVE;
				CLANG_WARN_UNREACHABLE_CODE = YES;
				CLANG_WARN__DUPLICATE_METHOD_MATCH = YES;
				CODE_SIGN_IDENTITY = "iPhone Developer";
				COPY_PHASE_STRIP = NO;
				DEBUG_INFORMATION_FORMAT = "dwarf-with-dsym";
				ENABLE_NS_ASSERTIONS = NO;
				ENABLE_STRICT_OBJC_MSGSEND = YES;
				GCC_C_LANGUAGE_STANDARD = gnu11;
				GCC_NO_COMMON_BLOCKS = YES;
				GCC_WARN_64_TO_32_BIT_CONVERSION = YES;
				GCC_WARN_ABOUT_RETURN_TYPE = YES_ERROR;
				GCC_WARN_UNDECLARED_SELECTOR = YES;
				GCC_WARN_UNINITIALIZED_AUTOS = YES_AGGRESSIVE;
				GCC_WARN_UNUSED_FUNCTION = YES;
				GCC_WARN_UNUSED_VARIABLE = YES;
				IPHONEOS_DEPLOYMENT_TARGET = 12.1;
				MTL_ENABLE_DEBUG_INFO = NO;
				MTL_FAST_MATH = YES;
				SDKROOT = iphoneos;
				VALIDATE_PRODUCT = YES;
			};
			name = Release;
		};
		6725EA6322EC020600A768C7 /* Debug */ = {
			isa = XCBuildConfiguration;
			buildSettings = {
				ASSETCATALOG_COMPILER_APPICON_NAME = AppIcon;
				CODE_SIGN_STYLE = Automatic;
				INFOPLIST_FILE = "手动实现一个KVO/Info.plist";
				LD_RUNPATH_SEARCH_PATHS = (
					"$(inherited)",
					"@executable_path/Frameworks",
				);
				PRODUCT_BUNDLE_IDENTIFIER = "com.gl.------KVO";
				PRODUCT_NAME = "$(TARGET_NAME)";
				TARGETED_DEVICE_FAMILY = "1,2";
			};
			name = Debug;
		};
		6725EA6422EC020600A768C7 /* Release */ = {
			isa = XCBuildConfiguration;
			buildSettings = {
				ASSETCATALOG_COMPILER_APPICON_NAME = AppIcon;
				CODE_SIGN_STYLE = Automatic;
				INFOPLIST_FILE = "手动实现一个KVO/Info.plist";
				LD_RUNPATH_SEARCH_PATHS = (
					"$(inherited)",
					"@executable_path/Frameworks",
				);
				PRODUCT_BUNDLE_IDENTIFIER = "com.gl.------KVO";
				PRODUCT_NAME = "$(TARGET_NAME)";
				TARGETED_DEVICE_FAMILY = "1,2";
			};
			name = Release;
		};
		6725EA6622EC020600A768C7 /* Debug */ = {
			isa = XCBuildConfiguration;
			buildSettings = {
				BUNDLE_LOADER = "$(TEST_HOST)";
				CODE_SIGN_STYLE = Automatic;
				INFOPLIST_FILE = "手动实现一个KVOTests/Info.plist";
				LD_RUNPATH_SEARCH_PATHS = (
					"$(inherited)",
					"@executable_path/Frameworks",
					"@loader_path/Frameworks",
				);
				PRODUCT_BUNDLE_IDENTIFIER = "com.gl.------KVOTests";
				PRODUCT_NAME = "$(TARGET_NAME)";
				TARGETED_DEVICE_FAMILY = "1,2";
				TEST_HOST = "$(BUILT_PRODUCTS_DIR)/手动实现一个KVO.app/手动实现一个KVO";
			};
			name = Debug;
		};
		6725EA6722EC020600A768C7 /* Release */ = {
			isa = XCBuildConfiguration;
			buildSettings = {
				BUNDLE_LOADER = "$(TEST_HOST)";
				CODE_SIGN_STYLE = Automatic;
				INFOPLIST_FILE = "手动实现一个KVOTests/Info.plist";
				LD_RUNPATH_SEARCH_PATHS = (
					"$(inherited)",
					"@executable_path/Frameworks",
					"@loader_path/Frameworks",
				);
				PRODUCT_BUNDLE_IDENTIFIER = "com.gl.------KVOTests";
				PRODUCT_NAME = "$(TARGET_NAME)";
				TARGETED_DEVICE_FAMILY = "1,2";
				TEST_HOST = "$(BUILT_PRODUCTS_DIR)/手动实现一个KVO.app/手动实现一个KVO";
			};
			name = Release;
		};
		6725EA6922EC020600A768C7 /* Debug */ = {
			isa = XCBuildConfiguration;
			buildSettings = {
				CODE_SIGN_STYLE = Automatic;
				INFOPLIST_FILE = "手动实现一个KVOUITests/Info.plist";
				LD_RUNPATH_SEARCH_PATHS = (
					"$(inherited)",
					"@executable_path/Frameworks",
					"@loader_path/Frameworks",
				);
				PRODUCT_BUNDLE_IDENTIFIER = "com.gl.------KVOUITests";
				PRODUCT_NAME = "$(TARGET_NAME)";
				TARGETED_DEVICE_FAMILY = "1,2";
				TEST_TARGET_NAME = "手动实现一个KVO";
			};
			name = Debug;
		};
		6725EA6A22EC020600A768C7 /* Release */ = {
			isa = XCBuildConfiguration;
			buildSettings = {
				CODE_SIGN_STYLE = Automatic;
				INFOPLIST_FILE = "手动实现一个KVOUITests/Info.plist";
				LD_RUNPATH_SEARCH_PATHS = (
					"$(inherited)",
					"@executable_path/Frameworks",
					"@loader_path/Frameworks",
				);
				PRODUCT_BUNDLE_IDENTIFIER = "com.gl.------KVOUITests";
				PRODUCT_NAME = "$(TARGET_NAME)";
				TARGETED_DEVICE_FAMILY = "1,2";
				TEST_TARGET_NAME = "手动实现一个KVO";
			};
			name = Release;
		};
/* End XCBuildConfiguration section */

/* Begin XCConfigurationList section */
		6725EA3122EC020400A768C7 /* Build configuration list for PBXProject "手动实现一个KVO" */ = {
			isa = XCConfigurationList;
			buildConfigurations = (
				6725EA6022EC020600A768C7 /* Debug */,
				6725EA6122EC020600A768C7 /* Release */,
			);
			defaultConfigurationIsVisible = 0;
			defaultConfigurationName = Release;
		};
		6725EA6222EC020600A768C7 /* Build configuration list for PBXNativeTarget "手动实现一个KVO" */ = {
			isa = XCConfigurationList;
			buildConfigurations = (
				6725EA6322EC020600A768C7 /* Debug */,
				6725EA6422EC020600A768C7 /* Release */,
			);
			defaultConfigurationIsVisible = 0;
			defaultConfigurationName = Release;
		};
		6725EA6522EC020600A768C7 /* Build configuration list for PBXNativeTarget "手动实现一个KVOTests" */ = {
			isa = XCConfigurationList;
			buildConfigurations = (
				6725EA6622EC020600A768C7 /* Debug */,
				6725EA6722EC020600A768C7 /* Release */,
			);
			defaultConfigurationIsVisible = 0;
			defaultConfigurationName = Release;
		};
		6725EA6822EC020600A768C7 /* Build configuration list for PBXNativeTarget "手动实现一个KVOUITests" */ = {
			isa = XCConfigurationList;
			buildConfigurations = (
				6725EA6922EC020600A768C7 /* Debug */,
				6725EA6A22EC020600A768C7 /* Release */,
			);
			defaultConfigurationIsVisible = 0;
			defaultConfigurationName = Release;
		};
/* End XCConfigurationList section */
	};
	rootObject = 6725EA2E22EC020400A768C7 /* Project object */;
}
